
Microsoft Visual Studio Solution File, Format Version 12.00
# Visual Studio Version 17
VisualStudioVersion = 17.0.32014.148
MinimumVisualStudioVersion = 10.0.40219.1
Project("{8BC9CEB8-8B4A-11D0-8D11-00A0C91BC942}") = "EngineSystem", "EngineSystem\EngineSystem.vcxproj", "{A93A7156-463D-43BE-AC4D-41C12A764698}"
EndProject
Global
	GlobalSection(SolutionConfigurationPlatforms) = preSolution
		Debug|x64 = Debug|x64
		Debug|x86 = Debug|x86
		Release|x64 = Release|x64
		Release|x86 = Release|x86
	EndGlobalSection
	GlobalSection(ProjectConfigurationPlatforms) = postSolution
		{A93A7156-463D-43BE-AC4D-41C12A764698}.Debug|x64.ActiveCfg = Debug|x64
		{A93A7156-463D-43BE-AC4D-41C12A764698}.Debug|x64.Build.0 = Debug|x64
		{A93A7156-463D-43BE-AC4D-41C12A764698}.Debug|x86.ActiveCfg = Debug|Win32
		{A93A7156-463D-43BE-AC4D-41C12A764698}.Debug|x86.Build.0 = Debug|Win32
		{A93A7156-463D-43BE-AC4D-41C12A764698}.Release|x64.ActiveCfg = Release|x64
		{A93A7156-463D-43BE-AC4D-41C12A764698}.Release|x64.Build.0 = Release|x64
		{A93A7156-463D-43BE-AC4D-41C12A764698}.Release|x86.ActiveCfg = Release|Win32
		{A93A7156-463D-43BE-AC4D-41C12A764698}.Release|x86.Build.0 = Release|Win32
	EndGlobalSection
	GlobalSection(SolutionProperties) = preSolution
		HideSolutionNode = FALSE
	EndGlobalSection
	GlobalSection(ExtensibilityGlobals) = postSolution
		SolutionGuid = {776F607A-2FCA-4C5F-AB30-C56F33366012}
	EndGlobalSection
EndGlobal
